// !$*UTF8*$!
{
	archiveVersion = 1;
	classes = {
	};
	objectVersion = 46;
	objects = {

/* Begin PBXBuildFile section */
		C34E14911EC644F20021CC22 /* AppDelegate.swift in Sources */ = {isa = PBXBuildFile; fileRef = C34E14901EC644F20021CC22 /* AppDelegate.swift */; };
		C34E14931EC644F20021CC22 /* ViewController.swift in Sources */ = {isa = PBXBuildFile; fileRef = C34E14921EC644F20021CC22 /* ViewController.swift */; };
		C34E14961EC644F20021CC22 /* Main.storyboard in Resources */ = {isa = PBXBuildFile; fileRef = C34E14941EC644F20021CC22 /* Main.storyboard */; };
		C34E14981EC644F20021CC22 /* Assets.xcassets in Resources */ = {isa = PBXBuildFile; fileRef = C34E14971EC644F20021CC22 /* Assets.xcassets */; };
		C34E149B1EC644F20021CC22 /* LaunchScreen.storyboard in Resources */ = {isa = PBXBuildFile; fileRef = C34E14991EC644F20021CC22 /* LaunchScreen.storyboard */; };
/* End PBXBuildFile section */

/* Begin PBXFileReference section */
		C34E148D1EC644F20021CC22 /* StringToNumber.app */ = {isa = PBXFileReference; explicitFileType = wrapper.application; includeInIndex = 0; path = StringToNumber.app; sourceTree = BUILT_PRODUCTS_DIR; };
		C34E14901EC644F20021CC22 /* AppDelegate.swift */ = {isa = PBXFileReference; lastKnownFileType = sourcecode.swift; path = AppDelegate.swift; sourceTree = "<group>"; };
		C34E14921EC644F20021CC22 /* ViewController.swift */ = {isa = PBXFileReference; lastKnownFileType = sourcecode.swift; path = ViewController.swift; sourceTree = "<group>"; };
		C34E14951EC644F20021CC22 /* Base */ = {isa = PBXFileReference; lastKnownFileType = file.storyboard; name = Base; path = Base.lproj/Main.storyboard; sourceTree = "<group>"; };
		C34E14971EC644F20021CC22 /* Assets.xcassets */ = {isa = PBXFileReference; lastKnownFileType = folder.assetcatalog; path = Assets.xcassets; sourceTree = "<group>"; };
		C34E149A1EC644F20021CC22 /* Base */ = {isa = PBXFileReference; lastKnownFileType = file.storyboard; name = Base; path = Base.lproj/LaunchScreen.storyboard; sourceTree = "<group>"; };
		C34E149C1EC644F20021CC22 /* Info.plist */ = {isa = PBXFileReference; lastKnownFileType = text.plist.xml; path = Info.plist; sourceTree = "<group>"; };
/* End PBXFileReference section */

/* Begin PBXFrameworksBuildPhase section */
		C34E148A1EC644F20021CC22 /* Frameworks */ = {
			isa = PBXFrameworksBuildPhase;
			buildActionMask = 2147483647;
			files = (
			);
			runOnlyForDeploymentPostprocessing = 0;
		};
/* End PBXFrameworksBuildPhase section */

/* Begin PBXGroup section */
		C34E14841EC644F20021CC22 = {
			isa = PBXGroup;
			children = (
				C34E148F1EC644F20021CC22 /* StringToNumber */,
				C34E148E1EC644F20021CC22 /* Products */,
			);
			sourceTree = "<group>";
		};
		C34E148E1EC644F20021CC22 /* Products */ = {
			isa = PBXGroup;
			children = (
				C34E148D1EC644F20021CC22 /* StringToNumber.app */,
			);
			name = Products;
			sourceTree = "<group>";
		};
		C34E148F1EC644F20021CC22 /* StringToNumber */ = {
			isa = PBXGroup;
			children = (
				C34E14901EC644F20021CC22 /* AppDelegate.swift */,
				C34E14921EC644F20021CC22 /* ViewController.swift */,
				C34E14941EC644F20021CC22 /* Main.storyboard */,
				C34E14971EC644F20021CC22 /* Assets.xcassets */,
				C34E14991EC644F20021CC22 /* LaunchScreen.storyboard */,
				C34E149C1EC644F20021CC22 /* Info.plist */,
			);
			path = StringToNumber;
			sourceTree = "<group>";
		};
/* End PBXGroup section */

/* Begin PBXNativeTarget section */
		C34E148C1EC644F20021CC22 /* StringToNumber */ = {
			isa = PBXNativeTarget;
			buildConfigurationList = C34E149F1EC644F20021CC22 /* Build configuration list for PBXNativeTarget "StringToNumber" */;
			buildPhases = (
				C34E14891EC644F20021CC22 /* Sources */,
				C34E148A1EC644F20021CC22 /* Frameworks */,
				C34E148B1EC644F20021CC22 /* Resources */,
			);
			buildRules = (
			);
			dependencies = (
			);
			name = StringToNumber;
			productName = StringToNumber;
			productReference = C34E148D1EC644F20021CC22 /* StringToNumber.app */;
			productType = "com.apple.product-type.application";
		};
/* End PBXNativeTarget section */

/* Begin PBXProject section */
		C34E14851EC644F20021CC22 /* Project object */ = {
			isa = PBXProject;
			attributes = {
				LastSwiftUpdateCheck = 0830;
				LastUpgradeCheck = 0830;
				ORGANIZATIONNAME = JStrawn;
				TargetAttributes = {
					C34E148C1EC644F20021CC22 = {
						CreatedOnToolsVersion = 8.3.1;
						DevelopmentTeam = JJQX5AR27M;
						ProvisioningStyle = Automatic;
					};
				};
			};
			buildConfigurationList = C34E14881EC644F20021CC22 /* Build configuration list for PBXProject "StringToNumber" */;
			compatibilityVersion = "Xcode 3.2";
			developmentRegion = English;
			hasScannedForEncodings = 0;
			knownRegions = (
				en,
				Base,
			);
			mainGroup = C34E14841EC644F20021CC22;
			productRefGroup = C34E148E1EC644F20021CC22 /* Products */;
			projectDirPath = "";
			projectRoot = "";
			targets = (
				C34E148C1EC644F20021CC22 /* StringToNumber */,
			);
		};
/* End PBXProject section */

/* Begin PBXResourcesBuildPhase section */
		C34E148B1EC644F20021CC22 /* Resources */ = {
			isa = PBXResourcesBuildPhase;
			buildActionMask = 2147483647;
			files = (
				C34E149B1EC644F20021CC22 /* LaunchScreen.storyboard in Resources */,
				C34E14981EC644F20021CC22 /* Assets.xcassets in Resources */,
				C34E14961EC644F20021CC22 /* Main.storyboard in Resources */,
			);
			runOnlyForDeploymentPostprocessing = 0;
		};
/* End PBXResourcesBuildPhase section */

/* Begin PBXSourcesBuildPhase section */
		C34E14891EC644F20021CC22 /* Sources */ = {
			isa = PBXSourcesBuildPhase;
			buildActionMask = 2147483647;
			files = (
				C34E14931EC644F20021CC22 /* ViewController.swift in Sources */,
				C34E14911EC644F20021CC22 /* AppDelegate.swift in Sources */,
			);
			runOnlyForDeploymentPostprocessing = 0;
		};
/* End PBXSourcesBuildPhase section */

/* Begin PBXVariantGroup section */
		C34E14941EC644F20021CC22 /* Main.storyboard */ = {
			isa = PBXVariantGroup;
			children = (
				C34E14951EC644F20021CC22 /* Base */,
			);
			name = Main.storyboard;
			sourceTree = "<group>";
		};
		C34E14991EC644F20021CC22 /* LaunchScreen.storyboard */ = {
			isa = PBXVariantGroup;
			children = (
				C34E149A1EC644F20021CC22 /* Base */,
			);
			name = LaunchScreen.storyboard;
			sourceTree = "<group>";
		};
/* End PBXVariantGroup section */

/* Begin XCBuildConfiguration section */
		C34E149D1EC644F20021CC22 /* Debug */ = {
			isa = XCBuildConfiguration;
			buildSettings = {
				ALWAYS_SEARCH_USER_PATHS = NO;
				CLANG_ANALYZER_NONNULL = YES;
				CLANG_ANALYZER_NUMBER_OBJECT_CONVERSION = YES_AGGRESSIVE;
				CLANG_CXX_LANGUAGE_STANDARD = "gnu++0x";
				CLANG_CXX_LIBRARY = "libc++";
				CLANG_ENABLE_MODULES = YES;
				CLANG_ENABLE_OBJC_ARC = YES;
				CLANG_WARN_BOOL_CONVERSION = YES;
				CLANG_WARN_CONSTANT_CONVERSION = YES;
				CLANG_WARN_DIRECT_OBJC_ISA_USAGE = YES_ERROR;
				CLANG_WARN_DOCUMENTATION_COMMENTS = YES;
				CLANG_WARN_EMPTY_BODY = YES;
				CLANG_WARN_ENUM_CONVERSION = YES;
				CLANG_WARN_INFINITE_RECURSION = YES;
				CLANG_WARN_INT_CONVERSION = YES;
				CLANG_WARN_OBJC_ROOT_CLASS = YES_ERROR;
				CLANG_WARN_SUSPICIOUS_MOVE = YES;
				CLANG_WARN_UNREACHABLE_CODE = YES;
				CLANG_WARN__DUPLICATE_METHOD_MATCH = YES;
				"CODE_SIGN_IDENTITY[sdk=iphoneos*]" = "iPhone Developer";
				COPY_PHASE_STRIP = NO;
				DEBUG_INFORMATION_FORMAT = dwarf;
				ENABLE_STRICT_OBJC_MSGSEND = YES;
				ENABLE_TESTABILITY = YES;
				GCC_C_LANGUAGE_STANDARD = gnu99;
				GCC_DYNAMIC_NO_PIC = NO;
				GCC_NO_COMMON_BLOCKS = YES;
				GCC_OPTIMIZATION_LEVEL = 0;
				GCC_PREPROCESSOR_DEFINITIONS = (
					"DEBUG=1",
					"$(inherited)",
				);
				GCC_WARN_64_TO_32_BIT_CONVERSION = YES;
				GCC_WARN_ABOUT_RETURN_TYPE = YES_ERROR;
				GCC_WARN_UNDECLARED_SELECTOR = YES;
				GCC_WARN_UNINITIALIZED_AUTOS = YES_AGGRESSIVE;
				GCC_WARN_UNUSED_FUNCTION = YES;
				GCC_WARN_UNUSED_VARIABLE = YES;
				IPHONEOS_DEPLOYMENT_TARGET = 10.3;
				MTL_ENABLE_DEBUG_INFO = YES;
				ONLY_ACTIVE_ARCH = YES;
				SDKROOT = iphoneos;
				SWIFT_ACTIVE_COMPILATION_CONDITIONS = DEBUG;
				SWIFT_OPTIMIZATION_LEVEL = "-Onone";
				TARGETED_DEVICE_FAMILY = "1,2";
			};
			name = Debug;
		};
		C34E149E1EC644F20021CC22 /* Release */ = {
			isa = XCBuildConfiguration;
			buildSettings = {
				ALWAYS_SEARCH_USER_PATHS = NO;
				CLANG_ANALYZER_NONNULL = YES;
				CLANG_ANALYZER_NUMBER_OBJECT_CONVERSION = YES_AGGRESSIVE;
				CLANG_CXX_LANGUAGE_STANDARD = "gnu++0x";
				CLANG_CXX_LIBRARY = "libc++";
				CLANG_ENABLE_MODULES = YES;
				CLANG_ENABLE_OBJC_ARC = YES;
				CLANG_WARN_BOOL_CONVERSION = YES;
				CLANG_WARN_CONSTANT_CONVERSION = YES;
				CLANG_WARN_DIRECT_OBJC_ISA_USAGE = YES_ERROR;
				CLANG_WARN_DOCUMENTATION_COMMENTS = YES;
				CLANG_WARN_EMPTY_BODY = YES;
				CLANG_WARN_ENUM_CONVERSION = YES;
				CLANG_WARN_INFINITE_RECURSION = YES;
				CLANG_WARN_INT_CONVERSION = YES;
				CLANG_WARN_OBJC_ROOT_CLASS = YES_ERROR;
				CLANG_WARN_SUSPICIOUS_MOVE = YES;
				CLANG_WARN_UNREACHABLE_CODE = YES;
				CLANG_WARN__DUPLICATE_METHOD_MATCH = YES;
				"CODE_SIGN_IDENTITY[sdk=iphoneos*]" = "iPhone Developer";
				COPY_PHASE_STRIP = NO;
				DEBUG_INFORMATION_FORMAT = "dwarf-with-dsym";
				ENABLE_NS_ASSERTIONS = NO;
				ENABLE_STRICT_OBJC_MSGSEND = YES;
				GCC_C_LANGUAGE_STANDARD = gnu99;
				GCC_NO_COMMON_BLOCKS = YES;
				GCC_WARN_64_TO_32_BIT_CONVERSION = YES;
				GCC_WARN_ABOUT_RETURN_TYPE = YES_ERROR;
				GCC_WARN_UNDECLARED_SELECTOR = YES;
				GCC_WARN_UNINITIALIZED_AUTOS = YES_AGGRESSIVE;
				GCC_WARN_UNUSED_FUNCTION = YES;
				GCC_WARN_UNUSED_VARIABLE = YES;
				IPHONEOS_DEPLOYMENT_TARGET = 10.3;
				MTL_ENABLE_DEBUG_INFO = NO;
				SDKROOT = iphoneos;
				SWIFT_OPTIMIZATION_LEVEL = "-Owholemodule";
				TARGETED_DEVICE_FAMILY = "1,2";
				VALIDATE_PRODUCT = YES;
			};
			name = Release;
		};
		C34E14A01EC644F20021CC22 /* Debug */ = {
			isa = XCBuildConfiguration;
			buildSettings = {
				ASSETCATALOG_COMPILER_APPICON_NAME = AppIcon;
				DEVELOPMENT_TEAM = JJQX5AR27M;
				INFOPLIST_FILE = StringToNumber/Info.plist;
				LD_RUNPATH_SEARCH_PATHS = "$(inherited) @executable_path/Frameworks";
				PRODUCT_BUNDLE_IDENTIFIER = com.jstrawn.StringToNumber;
				PRODUCT_NAME = "$(TARGET_NAME)";
				SWIFT_VERSION = 3.0;
			};
			name = Debug;
		};
		C34E14A11EC644F20021CC22 /* Release */ = {
			isa = XCBuildConfiguration;
			buildSettings = {
				ASSETCATALOG_COMPILER_APPICON_NAME = AppIcon;
				DEVELOPMENT_TEAM = JJQX5AR27M;
				INFOPLIST_FILE = StringToNumber/Info.plist;
				LD_RUNPATH_SEARCH_PATHS = "$(inherited) @executable_path/Frameworks";
				PRODUCT_BUNDLE_IDENTIFIER = com.jstrawn.StringToNumber;
				PRODUCT_NAME = "$(TARGET_NAME)";
				SWIFT_VERSION = 3.0;
			};
			name = Release;
		};
/* End XCBuildConfiguration section */

/* Begin XCConfigurationList section */
		C34E14881EC644F20021CC22 /* Build configuration list for PBXProject "StringToNumber" */ = {
			isa = XCConfigurationList;
			buildConfigurations = (
				C34E149D1EC644F20021CC22 /* Debug */,
				C34E149E1EC644F20021CC22 /* Release */,
			);
			defaultConfigurationIsVisible = 0;
			defaultConfigurationName = Release;
		};
		C34E149F1EC644F20021CC22 /* Build configuration list for PBXNativeTarget "StringToNumber" */ = {
			isa = XCConfigurationList;
			buildConfigurations = (
				C34E14A01EC644F20021CC22 /* Debug */,
				C34E14A11EC644F20021CC22 /* Release */,
			);
			defaultConfigurationIsVisible = 0;
		};
/* End XCConfigurationList section */
	};
	rootObject = C34E14851EC644F20021CC22 /* Project object */;
}
